
Microsoft Visual Studio Solution File, Format Version 12.00
# Visual Studio Version 16
VisualStudioVersion = 16.0.29609.76
MinimumVisualStudioVersion = 10.0.40219.1
Project("{2150E333-8FDC-42A3-9474-1A3956D46DE8}") = "apple.web", "apple.web", "{C3146418-BC08-40E9-943B-96CB38E7CFF7}"
EndProject
Project("{2150E333-8FDC-42A3-9474-1A3956D46DE8}") = "apple.Libraries", "apple.Libraries", "{2095733D-51A1-405C-8548-E7BDEBF77EC3}"
EndProject
Project("{2150E333-8FDC-42A3-9474-1A3956D46DE8}") = "apple.api", "apple.api", "{3DC85046-1A9B-4671-90BE-2494209581F4}"
EndProject
Project("{2150E333-8FDC-42A3-9474-1A3956D46DE8}") = "0apple.test", "0apple.test", "{0A8E8C63-E1F4-4D4B-924C-8BA314995A6A}"
EndProject
Project("{9A19103F-16F7-4668-BE54-9A1E7A4F7556}") = "apple.web.cms.quartz", "apple.web.cms.quartz\apple.web.cms.quartz.csproj", "{C66C7391-2519-497D-AF13-FF5F0C3AE232}"
EndProject
Project("{2150E333-8FDC-42A3-9474-1A3956D46DE8}") = "0apple.world", "0apple.world", "{B58A2005-6817-4F9D-A26E-0E0474F22C2E}"
EndProject
Project("{9A19103F-16F7-4668-BE54-9A1E7A4F7556}") = "onnote", "onnote\onnote.csproj", "{CF70E0C3-EFDE-4B29-95A4-835B614C48D3}"
EndProject
Project("{9A19103F-16F7-4668-BE54-9A1E7A4F7556}") = "apple.model", "apple.model\apple.model.csproj", "{4F952ED0-B717-4CAB-A385-BA0965C75B0B}"
EndProject
Project("{2150E333-8FDC-42A3-9474-1A3956D46DE8}") = "apple.orm", "apple.orm", "{C6A4C706-FA9B-48A2-9DA1-B565A8C1694A}"
EndProject
Project("{9A19103F-16F7-4668-BE54-9A1E7A4F7556}") = "apple.data", "apple.data\apple.data.csproj", "{F0961D13-9577-4CB1-B0BF-F848216E2DE5}"
EndProject
Project("{9A19103F-16F7-4668-BE54-9A1E7A4F7556}") = "apple.Infrastructure", "apple.Infrastructure\apple.Infrastructure.csproj", "{0FC95817-072B-44B3-A058-A92392A80533}"
EndProject
Project("{9A19103F-16F7-4668-BE54-9A1E7A4F7556}") = "apple.test", "apple.test\apple.test.csproj", "{DB9373A6-A159-432A-AEA8-11068CD10B4F}"
EndProject
Project("{9A19103F-16F7-4668-BE54-9A1E7A4F7556}") = "TestJob1", "TestJob1\TestJob1.csproj", "{27737C61-7ED8-43BA-9D8E-88B1A8EA82D6}"
EndProject
Project("{9A19103F-16F7-4668-BE54-9A1E7A4F7556}") = "Testjob2", "Testjob2\Testjob2.csproj", "{3A6A1770-5312-4815-B5CD-BE57CB3F550D}"
EndProject
Project("{9A19103F-16F7-4668-BE54-9A1E7A4F7556}") = "apptesttwo", "apptesttwo\apptesttwo.csproj", "{DAB4708F-74C4-4449-8187-E6C4722B2B03}"
EndProject
Project("{9A19103F-16F7-4668-BE54-9A1E7A4F7556}") = "apple.core", "apple.core\apple.core.csproj", "{F441946D-4AF2-49D4-8CA1-AE98F19EFBBA}"
EndProject
Project("{2150E333-8FDC-42A3-9474-1A3956D46DE8}") = "apple.window", "apple.window", "{97037B3D-3463-4D46-B58F-C3EC694DD2CE}"
EndProject
Project("{9A19103F-16F7-4668-BE54-9A1E7A4F7556}") = "TopshelfWindow", "TopshelfWindow\TopshelfWindow.csproj", "{0099DF91-3CB7-4BAA-8EB2-A7354057008E}"
EndProject
Project("{9A19103F-16F7-4668-BE54-9A1E7A4F7556}") = "webwindows", "webwindows\webwindows.csproj", "{BB728341-45A9-4027-8A16-A76EDAC3E7A5}"
EndProject
Project("{FAE04EC0-301F-11D3-BF4B-00C04F79EFBC}") = "WebService", "WebService\WebService.csproj", "{4C57235A-BA31-40C0-8E5C-94A8EA9270C3}"
EndProject
Project("{FAE04EC0-301F-11D3-BF4B-00C04F79EFBC}") = "WorkerService", "WorkerService\WorkerService.csproj", "{C1AD2017-060A-4E53-A3A5-34A59527319B}"
EndProject
Project("{FAE04EC0-301F-11D3-BF4B-00C04F79EFBC}") = "logtest", "logtest\logtest.csproj", "{37D04AA5-1FDD-46F0-A52B-D469F08E5B57}"
EndProject
Global
	GlobalSection(SolutionConfigurationPlatforms) = preSolution
		Debug|Any CPU = Debug|Any CPU
		Release|Any CPU = Release|Any CPU
	EndGlobalSection
	GlobalSection(ProjectConfigurationPlatforms) = postSolution
		{C66C7391-2519-497D-AF13-FF5F0C3AE232}.Debug|Any CPU.ActiveCfg = Debug|Any CPU
		{C66C7391-2519-497D-AF13-FF5F0C3AE232}.Debug|Any CPU.Build.0 = Debug|Any CPU
		{C66C7391-2519-497D-AF13-FF5F0C3AE232}.Release|Any CPU.ActiveCfg = Release|Any CPU
		{C66C7391-2519-497D-AF13-FF5F0C3AE232}.Release|Any CPU.Build.0 = Release|Any CPU
		{CF70E0C3-EFDE-4B29-95A4-835B614C48D3}.Debug|Any CPU.ActiveCfg = Debug|Any CPU
		{CF70E0C3-EFDE-4B29-95A4-835B614C48D3}.Debug|Any CPU.Build.0 = Debug|Any CPU
		{CF70E0C3-EFDE-4B29-95A4-835B614C48D3}.Release|Any CPU.ActiveCfg = Release|Any CPU
		{CF70E0C3-EFDE-4B29-95A4-835B614C48D3}.Release|Any CPU.Build.0 = Release|Any CPU
		{4F952ED0-B717-4CAB-A385-BA0965C75B0B}.Debug|Any CPU.ActiveCfg = Debug|Any CPU
		{4F952ED0-B717-4CAB-A385-BA0965C75B0B}.Debug|Any CPU.Build.0 = Debug|Any CPU
		{4F952ED0-B717-4CAB-A385-BA0965C75B0B}.Release|Any CPU.ActiveCfg = Release|Any CPU
		{4F952ED0-B717-4CAB-A385-BA0965C75B0B}.Release|Any CPU.Build.0 = Release|Any CPU
		{F0961D13-9577-4CB1-B0BF-F848216E2DE5}.Debug|Any CPU.ActiveCfg = Debug|Any CPU
		{F0961D13-9577-4CB1-B0BF-F848216E2DE5}.Debug|Any CPU.Build.0 = Debug|Any CPU
		{F0961D13-9577-4CB1-B0BF-F848216E2DE5}.Release|Any CPU.ActiveCfg = Release|Any CPU
		{F0961D13-9577-4CB1-B0BF-F848216E2DE5}.Release|Any CPU.Build.0 = Release|Any CPU
		{0FC95817-072B-44B3-A058-A92392A80533}.Debug|Any CPU.ActiveCfg = Debug|Any CPU
		{0FC95817-072B-44B3-A058-A92392A80533}.Debug|Any CPU.Build.0 = Debug|Any CPU
		{0FC95817-072B-44B3-A058-A92392A80533}.Release|Any CPU.ActiveCfg = Release|Any CPU
		{0FC95817-072B-44B3-A058-A92392A80533}.Release|Any CPU.Build.0 = Release|Any CPU
		{DB9373A6-A159-432A-AEA8-11068CD10B4F}.Debug|Any CPU.ActiveCfg = Debug|Any CPU
		{DB9373A6-A159-432A-AEA8-11068CD10B4F}.Debug|Any CPU.Build.0 = Debug|Any CPU
		{DB9373A6-A159-432A-AEA8-11068CD10B4F}.Release|Any CPU.ActiveCfg = Release|Any CPU
		{DB9373A6-A159-432A-AEA8-11068CD10B4F}.Release|Any CPU.Build.0 = Release|Any CPU
		{27737C61-7ED8-43BA-9D8E-88B1A8EA82D6}.Debug|Any CPU.ActiveCfg = Debug|Any CPU
		{27737C61-7ED8-43BA-9D8E-88B1A8EA82D6}.Debug|Any CPU.Build.0 = Debug|Any CPU
		{27737C61-7ED8-43BA-9D8E-88B1A8EA82D6}.Release|Any CPU.ActiveCfg = Release|Any CPU
		{27737C61-7ED8-43BA-9D8E-88B1A8EA82D6}.Release|Any CPU.Build.0 = Release|Any CPU
		{3A6A1770-5312-4815-B5CD-BE57CB3F550D}.Debug|Any CPU.ActiveCfg = Debug|Any CPU
		{3A6A1770-5312-4815-B5CD-BE57CB3F550D}.Debug|Any CPU.Build.0 = Debug|Any CPU
		{3A6A1770-5312-4815-B5CD-BE57CB3F550D}.Release|Any CPU.ActiveCfg = Release|Any CPU
		{3A6A1770-5312-4815-B5CD-BE57CB3F550D}.Release|Any CPU.Build.0 = Release|Any CPU
		{DAB4708F-74C4-4449-8187-E6C4722B2B03}.Debug|Any CPU.ActiveCfg = Debug|Any CPU
		{DAB4708F-74C4-4449-8187-E6C4722B2B03}.Debug|Any CPU.Build.0 = Debug|Any CPU
		{DAB4708F-74C4-4449-8187-E6C4722B2B03}.Release|Any CPU.ActiveCfg = Release|Any CPU
		{DAB4708F-74C4-4449-8187-E6C4722B2B03}.Release|Any CPU.Build.0 = Release|Any CPU
		{F441946D-4AF2-49D4-8CA1-AE98F19EFBBA}.Debug|Any CPU.ActiveCfg = Debug|Any CPU
		{F441946D-4AF2-49D4-8CA1-AE98F19EFBBA}.Debug|Any CPU.Build.0 = Debug|Any CPU
		{F441946D-4AF2-49D4-8CA1-AE98F19EFBBA}.Release|Any CPU.ActiveCfg = Release|Any CPU
		{F441946D-4AF2-49D4-8CA1-AE98F19EFBBA}.Release|Any CPU.Build.0 = Release|Any CPU
		{0099DF91-3CB7-4BAA-8EB2-A7354057008E}.Debug|Any CPU.ActiveCfg = Debug|Any CPU
		{0099DF91-3CB7-4BAA-8EB2-A7354057008E}.Debug|Any CPU.Build.0 = Debug|Any CPU
		{0099DF91-3CB7-4BAA-8EB2-A7354057008E}.Release|Any CPU.ActiveCfg = Release|Any CPU
		{0099DF91-3CB7-4BAA-8EB2-A7354057008E}.Release|Any CPU.Build.0 = Release|Any CPU
		{BB728341-45A9-4027-8A16-A76EDAC3E7A5}.Debug|Any CPU.ActiveCfg = Debug|Any CPU
		{BB728341-45A9-4027-8A16-A76EDAC3E7A5}.Debug|Any CPU.Build.0 = Debug|Any CPU
		{BB728341-45A9-4027-8A16-A76EDAC3E7A5}.Release|Any CPU.ActiveCfg = Release|Any CPU
		{BB728341-45A9-4027-8A16-A76EDAC3E7A5}.Release|Any CPU.Build.0 = Release|Any CPU
		{4C57235A-BA31-40C0-8E5C-94A8EA9270C3}.Debug|Any CPU.ActiveCfg = Debug|Any CPU
		{4C57235A-BA31-40C0-8E5C-94A8EA9270C3}.Debug|Any CPU.Build.0 = Debug|Any CPU
		{4C57235A-BA31-40C0-8E5C-94A8EA9270C3}.Release|Any CPU.ActiveCfg = Release|Any CPU
		{4C57235A-BA31-40C0-8E5C-94A8EA9270C3}.Release|Any CPU.Build.0 = Release|Any CPU
		{C1AD2017-060A-4E53-A3A5-34A59527319B}.Debug|Any CPU.ActiveCfg = Debug|Any CPU
		{C1AD2017-060A-4E53-A3A5-34A59527319B}.Debug|Any CPU.Build.0 = Debug|Any CPU
		{C1AD2017-060A-4E53-A3A5-34A59527319B}.Release|Any CPU.ActiveCfg = Release|Any CPU
		{C1AD2017-060A-4E53-A3A5-34A59527319B}.Release|Any CPU.Build.0 = Release|Any CPU
		{37D04AA5-1FDD-46F0-A52B-D469F08E5B57}.Debug|Any CPU.ActiveCfg = Debug|Any CPU
		{37D04AA5-1FDD-46F0-A52B-D469F08E5B57}.Debug|Any CPU.Build.0 = Debug|Any CPU
		{37D04AA5-1FDD-46F0-A52B-D469F08E5B57}.Release|Any CPU.ActiveCfg = Release|Any CPU
		{37D04AA5-1FDD-46F0-A52B-D469F08E5B57}.Release|Any CPU.Build.0 = Release|Any CPU
	EndGlobalSection
	GlobalSection(SolutionProperties) = preSolution
		HideSolutionNode = FALSE
	EndGlobalSection
	GlobalSection(NestedProjects) = preSolution
		{C66C7391-2519-497D-AF13-FF5F0C3AE232} = {C3146418-BC08-40E9-943B-96CB38E7CFF7}
		{CF70E0C3-EFDE-4B29-95A4-835B614C48D3} = {B58A2005-6817-4F9D-A26E-0E0474F22C2E}
		{4F952ED0-B717-4CAB-A385-BA0965C75B0B} = {2095733D-51A1-405C-8548-E7BDEBF77EC3}
		{F0961D13-9577-4CB1-B0BF-F848216E2DE5} = {C6A4C706-FA9B-48A2-9DA1-B565A8C1694A}
		{0FC95817-072B-44B3-A058-A92392A80533} = {2095733D-51A1-405C-8548-E7BDEBF77EC3}
		{DB9373A6-A159-432A-AEA8-11068CD10B4F} = {0A8E8C63-E1F4-4D4B-924C-8BA314995A6A}
		{27737C61-7ED8-43BA-9D8E-88B1A8EA82D6} = {0A8E8C63-E1F4-4D4B-924C-8BA314995A6A}
		{3A6A1770-5312-4815-B5CD-BE57CB3F550D} = {0A8E8C63-E1F4-4D4B-924C-8BA314995A6A}
		{DAB4708F-74C4-4449-8187-E6C4722B2B03} = {0A8E8C63-E1F4-4D4B-924C-8BA314995A6A}
		{F441946D-4AF2-49D4-8CA1-AE98F19EFBBA} = {2095733D-51A1-405C-8548-E7BDEBF77EC3}
		{0099DF91-3CB7-4BAA-8EB2-A7354057008E} = {97037B3D-3463-4D46-B58F-C3EC694DD2CE}
		{BB728341-45A9-4027-8A16-A76EDAC3E7A5} = {97037B3D-3463-4D46-B58F-C3EC694DD2CE}
		{4C57235A-BA31-40C0-8E5C-94A8EA9270C3} = {97037B3D-3463-4D46-B58F-C3EC694DD2CE}
		{C1AD2017-060A-4E53-A3A5-34A59527319B} = {97037B3D-3463-4D46-B58F-C3EC694DD2CE}
		{37D04AA5-1FDD-46F0-A52B-D469F08E5B57} = {0A8E8C63-E1F4-4D4B-924C-8BA314995A6A}
	EndGlobalSection
	GlobalSection(ExtensibilityGlobals) = postSolution
		SolutionGuid = {64551657-2B03-4A42-A722-FEED6E2AB5C4}
	EndGlobalSection
EndGlobal
